
Microsoft Visual Studio Solution File, Format Version 12.00
# Visual Studio Version 16
VisualStudioVersion = 16.0.31911.196
MinimumVisualStudioVersion = 10.0.40219.1
Project("{9A19103F-16F7-4668-BE54-9A1E7A4F7556}") = "MandatoryAssignment", "MandatoryAssignment\MandatoryAssignment.csproj", "{96CD8F5E-3FC4-4FBE-B465-BC247F08F700}"
EndProject
Global
	GlobalSection(SolutionConfigurationPlatforms) = preSolution
		Debug|Any CPU = Debug|Any CPU
		Release|Any CPU = Release|Any CPU
	EndGlobalSection
	GlobalSection(ProjectConfigurationPlatforms) = postSolution
		{96CD8F5E-3FC4-4FBE-B465-BC247F08F700}.Debug|Any CPU.ActiveCfg = Debug|Any CPU
		{96CD8F5E-3FC4-4FBE-B465-BC247F08F700}.Debug|Any CPU.Build.0 = Debug|Any CPU
		{96CD8F5E-3FC4-4FBE-B465-BC247F08F700}.Release|Any CPU.ActiveCfg = Release|Any CPU
		{96CD8F5E-3FC4-4FBE-B465-BC247F08F700}.Release|Any CPU.Build.0 = Release|Any CPU
	EndGlobalSection
	GlobalSection(SolutionProperties) = preSolution
		HideSolutionNode = FALSE
	EndGlobalSection
	GlobalSection(ExtensibilityGlobals) = postSolution
		SolutionGuid = {627A3046-2954-4E05-8F7C-7F37B64AE58F}
	EndGlobalSection
EndGlobal
